// !$*UTF8*$!
{
	archiveVersion = 1;
	classes = {
	};
	objectVersion = 55;
	objects = {

/* Begin PBXBuildFile section */
		322CA69528174F0300F9EEE6 /* wordleWords.txt in Resources */ = {isa = PBXBuildFile; fileRef = 322CA69428174F0300F9EEE6 /* wordleWords.txt */; };
		322CA69728174F9B00F9EEE6 /* remainingWords.swift in Sources */ = {isa = PBXBuildFile; fileRef = 322CA69628174F9B00F9EEE6 /* remainingWords.swift */; };
		328013EB282066D8009DF66D /* Splash Screen View Controller.swift in Sources */ = {isa = PBXBuildFile; fileRef = 328013EA282066D8009DF66D /* Splash Screen View Controller.swift */; };
		32DB42CA2817230400D616C4 /* AppDelegate.swift in Sources */ = {isa = PBXBuildFile; fileRef = 32DB42C92817230400D616C4 /* AppDelegate.swift */; };
		32DB42CC2817230400D616C4 /* SceneDelegate.swift in Sources */ = {isa = PBXBuildFile; fileRef = 32DB42CB2817230400D616C4 /* SceneDelegate.swift */; };
		32DB42CE2817230400D616C4 /* ViewController.swift in Sources */ = {isa = PBXBuildFile; fileRef = 32DB42CD2817230400D616C4 /* ViewController.swift */; };
		32DB42D12817230400D616C4 /* Main.storyboard in Resources */ = {isa = PBXBuildFile; fileRef = 32DB42CF2817230400D616C4 /* Main.storyboard */; };
		32DB42D32817230600D616C4 /* Assets.xcassets in Resources */ = {isa = PBXBuildFile; fileRef = 32DB42D22817230600D616C4 /* Assets.xcassets */; };
		32DB42D62817230600D616C4 /* LaunchScreen.storyboard in Resources */ = {isa = PBXBuildFile; fileRef = 32DB42D42817230600D616C4 /* LaunchScreen.storyboard */; };
/* End PBXBuildFile section */

/* Begin PBXFileReference section */
		322CA69428174F0300F9EEE6 /* wordleWords.txt */ = {isa = PBXFileReference; fileEncoding = 4; lastKnownFileType = text; name = wordleWords.txt; path = ../../../../../../../../Downloads/wordleWords.txt; sourceTree = "<group>"; };
		322CA69628174F9B00F9EEE6 /* remainingWords.swift */ = {isa = PBXFileReference; lastKnownFileType = sourcecode.swift; path = remainingWords.swift; sourceTree = "<group>"; };
		328013EA282066D8009DF66D /* Splash Screen View Controller.swift */ = {isa = PBXFileReference; lastKnownFileType = sourcecode.swift; path = "Splash Screen View Controller.swift"; sourceTree = "<group>"; };
		32DB42C62817230400D616C4 /* WordleCheat.app */ = {isa = PBXFileReference; explicitFileType = wrapper.application; includeInIndex = 0; path = WordleCheat.app; sourceTree = BUILT_PRODUCTS_DIR; };
		32DB42C92817230400D616C4 /* AppDelegate.swift */ = {isa = PBXFileReference; lastKnownFileType = sourcecode.swift; path = AppDelegate.swift; sourceTree = "<group>"; };
		32DB42CB2817230400D616C4 /* SceneDelegate.swift */ = {isa = PBXFileReference; lastKnownFileType = sourcecode.swift; path = SceneDelegate.swift; sourceTree = "<group>"; };
		32DB42CD2817230400D616C4 /* ViewController.swift */ = {isa = PBXFileReference; lastKnownFileType = sourcecode.swift; path = ViewController.swift; sourceTree = "<group>"; };
		32DB42D02817230400D616C4 /* Base */ = {isa = PBXFileReference; lastKnownFileType = file.storyboard; name = Base; path = Base.lproj/Main.storyboard; sourceTree = "<group>"; };
		32DB42D22817230600D616C4 /* Assets.xcassets */ = {isa = PBXFileReference; lastKnownFileType = folder.assetcatalog; path = Assets.xcassets; sourceTree = "<group>"; };
		32DB42D52817230600D616C4 /* Base */ = {isa = PBXFileReference; lastKnownFileType = file.storyboard; name = Base; path = Base.lproj/LaunchScreen.storyboard; sourceTree = "<group>"; };
		32DB42D72817230600D616C4 /* Info.plist */ = {isa = PBXFileReference; lastKnownFileType = text.plist.xml; path = Info.plist; sourceTree = "<group>"; };
/* End PBXFileReference section */

/* Begin PBXFrameworksBuildPhase section */
		32DB42C32817230400D616C4 /* Frameworks */ = {
			isa = PBXFrameworksBuildPhase;
			buildActionMask = 2147483647;
			files = (
			);
			runOnlyForDeploymentPostprocessing = 0;
		};
/* End PBXFrameworksBuildPhase section */

/* Begin PBXGroup section */
		32DB42BD2817230400D616C4 = {
			isa = PBXGroup;
			children = (
				32DB42C82817230400D616C4 /* WordleCheat */,
				32DB42C72817230400D616C4 /* Products */,
			);
			sourceTree = "<group>";
		};
		32DB42C72817230400D616C4 /* Products */ = {
			isa = PBXGroup;
			children = (
				32DB42C62817230400D616C4 /* WordleCheat.app */,
			);
			name = Products;
			sourceTree = "<group>";
		};
		32DB42C82817230400D616C4 /* WordleCheat */ = {
			isa = PBXGroup;
			children = (
				322CA69428174F0300F9EEE6 /* wordleWords.txt */,
				32DB42C92817230400D616C4 /* AppDelegate.swift */,
				32DB42CB2817230400D616C4 /* SceneDelegate.swift */,
				32DB42CD2817230400D616C4 /* ViewController.swift */,
				328013EA282066D8009DF66D /* Splash Screen View Controller.swift */,
				32DB42CF2817230400D616C4 /* Main.storyboard */,
				32DB42D22817230600D616C4 /* Assets.xcassets */,
				32DB42D42817230600D616C4 /* LaunchScreen.storyboard */,
				32DB42D72817230600D616C4 /* Info.plist */,
				322CA69628174F9B00F9EEE6 /* remainingWords.swift */,
			);
			path = WordleCheat;
			sourceTree = "<group>";
		};
/* End PBXGroup section */

/* Begin PBXNativeTarget section */
		32DB42C52817230400D616C4 /* WordleCheat */ = {
			isa = PBXNativeTarget;
			buildConfigurationList = 32DB42DA2817230600D616C4 /* Build configuration list for PBXNativeTarget "WordleCheat" */;
			buildPhases = (
				32DB42C22817230400D616C4 /* Sources */,
				32DB42C32817230400D616C4 /* Frameworks */,
				32DB42C42817230400D616C4 /* Resources */,
			);
			buildRules = (
			);
			dependencies = (
			);
			name = WordleCheat;
			productName = WordleCheat;
			productReference = 32DB42C62817230400D616C4 /* WordleCheat.app */;
			productType = "com.apple.product-type.application";
		};
/* End PBXNativeTarget section */

/* Begin PBXProject section */
		32DB42BE2817230400D616C4 /* Project object */ = {
			isa = PBXProject;
			attributes = {
				BuildIndependentTargetsInParallel = 1;
				LastSwiftUpdateCheck = 1320;
				LastUpgradeCheck = 1320;
				TargetAttributes = {
					32DB42C52817230400D616C4 = {
						CreatedOnToolsVersion = 13.2.1;
					};
				};
			};
			buildConfigurationList = 32DB42C12817230400D616C4 /* Build configuration list for PBXProject "WordleCheat" */;
			compatibilityVersion = "Xcode 13.0";
			developmentRegion = en;
			hasScannedForEncodings = 0;
			knownRegions = (
				en,
				Base,
			);
			mainGroup = 32DB42BD2817230400D616C4;
			productRefGroup = 32DB42C72817230400D616C4 /* Products */;
			projectDirPath = "";
			projectRoot = "";
			targets = (
				32DB42C52817230400D616C4 /* WordleCheat */,
			);
		};
/* End PBXProject section */

/* Begin PBXResourcesBuildPhase section */
		32DB42C42817230400D616C4 /* Resources */ = {
			isa = PBXResourcesBuildPhase;
			buildActionMask = 2147483647;
			files = (
				32DB42D62817230600D616C4 /* LaunchScreen.storyboard in Resources */,
				322CA69528174F0300F9EEE6 /* wordleWords.txt in Resources */,
				32DB42D32817230600D616C4 /* Assets.xcassets in Resources */,
				32DB42D12817230400D616C4 /* Main.storyboard in Resources */,
			);
			runOnlyForDeploymentPostprocessing = 0;
		};
/* End PBXResourcesBuildPhase section */

/* Begin PBXSourcesBuildPhase section */
		32DB42C22817230400D616C4 /* Sources */ = {
			isa = PBXSourcesBuildPhase;
			buildActionMask = 2147483647;
			files = (
				328013EB282066D8009DF66D /* Splash Screen View Controller.swift in Sources */,
				322CA69728174F9B00F9EEE6 /* remainingWords.swift in Sources */,
				32DB42CE2817230400D616C4 /* ViewController.swift in Sources */,
				32DB42CA2817230400D616C4 /* AppDelegate.swift in Sources */,
				32DB42CC2817230400D616C4 /* SceneDelegate.swift in Sources */,
			);
			runOnlyForDeploymentPostprocessing = 0;
		};
/* End PBXSourcesBuildPhase section */

/* Begin PBXVariantGroup section */
		32DB42CF2817230400D616C4 /* Main.storyboard */ = {
			isa = PBXVariantGroup;
			children = (
				32DB42D02817230400D616C4 /* Base */,
			);
			name = Main.storyboard;
			sourceTree = "<group>";
		};
		32DB42D42817230600D616C4 /* LaunchScreen.storyboard */ = {
			isa = PBXVariantGroup;
			children = (
				32DB42D52817230600D616C4 /* Base */,
			);
			name = LaunchScreen.storyboard;
			sourceTree = "<group>";
		};
/* End PBXVariantGroup section */

/* Begin XCBuildConfiguration section */
		32DB42D82817230600D616C4 /* Debug */ = {
			isa = XCBuildConfiguration;
			buildSettings = {
				ALWAYS_SEARCH_USER_PATHS = NO;
				CLANG_ANALYZER_NONNULL = YES;
				CLANG_ANALYZER_NUMBER_OBJECT_CONVERSION = YES_AGGRESSIVE;
				CLANG_CXX_LANGUAGE_STANDARD = "gnu++17";
				CLANG_CXX_LIBRARY = "libc++";
				CLANG_ENABLE_MODULES = YES;
				CLANG_ENABLE_OBJC_ARC = YES;
				CLANG_ENABLE_OBJC_WEAK = YES;
				CLANG_WARN_BLOCK_CAPTURE_AUTORELEASING = YES;
				CLANG_WARN_BOOL_CONVERSION = YES;
				CLANG_WARN_COMMA = YES;
				CLANG_WARN_CONSTANT_CONVERSION = YES;
				CLANG_WARN_DEPRECATED_OBJC_IMPLEMENTATIONS = YES;
				CLANG_WARN_DIRECT_OBJC_ISA_USAGE = YES_ERROR;
				CLANG_WARN_DOCUMENTATION_COMMENTS = YES;
				CLANG_WARN_EMPTY_BODY = YES;
				CLANG_WARN_ENUM_CONVERSION = YES;
				CLANG_WARN_INFINITE_RECURSION = YES;
				CLANG_WARN_INT_CONVERSION = YES;
				CLANG_WARN_NON_LITERAL_NULL_CONVERSION = YES;
				CLANG_WARN_OBJC_IMPLICIT_RETAIN_SELF = YES;
				CLANG_WARN_OBJC_LITERAL_CONVERSION = YES;
				CLANG_WARN_OBJC_ROOT_CLASS = YES_ERROR;
				CLANG_WARN_QUOTED_INCLUDE_IN_FRAMEWORK_HEADER = YES;
				CLANG_WARN_RANGE_LOOP_ANALYSIS = YES;
				CLANG_WARN_STRICT_PROTOTYPES = YES;
				CLANG_WARN_SUSPICIOUS_MOVE = YES;
				CLANG_WARN_UNGUARDED_AVAILABILITY = YES_AGGRESSIVE;
				CLANG_WARN_UNREACHABLE_CODE = YES;
				CLANG_WARN__DUPLICATE_METHOD_MATCH = YES;
				COPY_PHASE_STRIP = NO;
				DEBUG_INFORMATION_FORMAT = dwarf;
				ENABLE_STRICT_OBJC_MSGSEND = YES;
				ENABLE_TESTABILITY = YES;
				GCC_C_LANGUAGE_STANDARD = gnu11;
				GCC_DYNAMIC_NO_PIC = NO;
				GCC_NO_COMMON_BLOCKS = YES;
				GCC_OPTIMIZATION_LEVEL = 0;
				GCC_PREPROCESSOR_DEFINITIONS = (
					"DEBUG=1",
					"$(inherited)",
				);
				GCC_WARN_64_TO_32_BIT_CONVERSION = YES;
				GCC_WARN_ABOUT_RETURN_TYPE = YES_ERROR;
				GCC_WARN_UNDECLARED_SELECTOR = YES;
				GCC_WARN_UNINITIALIZED_AUTOS = YES_AGGRESSIVE;
				GCC_WARN_UNUSED_FUNCTION = YES;
				GCC_WARN_UNUSED_VARIABLE = YES;
				IPHONEOS_DEPLOYMENT_TARGET = 15.2;
				MTL_ENABLE_DEBUG_INFO = INCLUDE_SOURCE;
				MTL_FAST_MATH = YES;
				ONLY_ACTIVE_ARCH = YES;
				SDKROOT = iphoneos;
				SWIFT_ACTIVE_COMPILATION_CONDITIONS = DEBUG;
				SWIFT_OPTIMIZATION_LEVEL = "-Onone";
			};
			name = Debug;
		};
		32DB42D92817230600D616C4 /* Release */ = {
			isa = XCBuildConfiguration;
			buildSettings = {
				ALWAYS_SEARCH_USER_PATHS = NO;
				CLANG_ANALYZER_NONNULL = YES;
				CLANG_ANALYZER_NUMBER_OBJECT_CONVERSION = YES_AGGRESSIVE;
				CLANG_CXX_LANGUAGE_STANDARD = "gnu++17";
				CLANG_CXX_LIBRARY = "libc++";
				CLANG_ENABLE_MODULES = YES;
				CLANG_ENABLE_OBJC_ARC = YES;
				CLANG_ENABLE_OBJC_WEAK = YES;
				CLANG_WARN_BLOCK_CAPTURE_AUTORELEASING = YES;
				CLANG_WARN_BOOL_CONVERSION = YES;
				CLANG_WARN_COMMA = YES;
				CLANG_WARN_CONSTANT_CONVERSION = YES;
				CLANG_WARN_DEPRECATED_OBJC_IMPLEMENTATIONS = YES;
				CLANG_WARN_DIRECT_OBJC_ISA_USAGE = YES_ERROR;
				CLANG_WARN_DOCUMENTATION_COMMENTS = YES;
				CLANG_WARN_EMPTY_BODY = YES;
				CLANG_WARN_ENUM_CONVERSION = YES;
				CLANG_WARN_INFINITE_RECURSION = YES;
				CLANG_WARN_INT_CONVERSION = YES;
				CLANG_WARN_NON_LITERAL_NULL_CONVERSION = YES;
				CLANG_WARN_OBJC_IMPLICIT_RETAIN_SELF = YES;
				CLANG_WARN_OBJC_LITERAL_CONVERSION = YES;
				CLANG_WARN_OBJC_ROOT_CLASS = YES_ERROR;
				CLANG_WARN_QUOTED_INCLUDE_IN_FRAMEWORK_HEADER = YES;
				CLANG_WARN_RANGE_LOOP_ANALYSIS = YES;
				CLANG_WARN_STRICT_PROTOTYPES = YES;
				CLANG_WARN_SUSPICIOUS_MOVE = YES;
				CLANG_WARN_UNGUARDED_AVAILABILITY = YES_AGGRESSIVE;
				CLANG_WARN_UNREACHABLE_CODE = YES;
				CLANG_WARN__DUPLICATE_METHOD_MATCH = YES;
				COPY_PHASE_STRIP = NO;
				DEBUG_INFORMATION_FORMAT = "dwarf-with-dsym";
				ENABLE_NS_ASSERTIONS = NO;
				ENABLE_STRICT_OBJC_MSGSEND = YES;
				GCC_C_LANGUAGE_STANDARD = gnu11;
				GCC_NO_COMMON_BLOCKS = YES;
				GCC_WARN_64_TO_32_BIT_CONVERSION = YES;
				GCC_WARN_ABOUT_RETURN_TYPE = YES_ERROR;
				GCC_WARN_UNDECLARED_SELECTOR = YES;
				GCC_WARN_UNINITIALIZED_AUTOS = YES_AGGRESSIVE;
				GCC_WARN_UNUSED_FUNCTION = YES;
				GCC_WARN_UNUSED_VARIABLE = YES;
				IPHONEOS_DEPLOYMENT_TARGET = 15.2;
				MTL_ENABLE_DEBUG_INFO = NO;
				MTL_FAST_MATH = YES;
				SDKROOT = iphoneos;
				SWIFT_COMPILATION_MODE = wholemodule;
				SWIFT_OPTIMIZATION_LEVEL = "-O";
				VALIDATE_PRODUCT = YES;
			};
			name = Release;
		};
		32DB42DB2817230600D616C4 /* Debug */ = {
			isa = XCBuildConfiguration;
			buildSettings = {
				ASSETCATALOG_COMPILER_APPICON_NAME = AppIcon;
				ASSETCATALOG_COMPILER_GLOBAL_ACCENT_COLOR_NAME = AccentColor;
				CODE_SIGN_STYLE = Automatic;
				CURRENT_PROJECT_VERSION = 1;
				GENERATE_INFOPLIST_FILE = YES;
				INFOPLIST_FILE = WordleCheat/Info.plist;
				INFOPLIST_KEY_UIApplicationSupportsIndirectInputEvents = YES;
				INFOPLIST_KEY_UILaunchStoryboardName = LaunchScreen;
				INFOPLIST_KEY_UIMainStoryboardFile = Main;
				INFOPLIST_KEY_UISupportedInterfaceOrientations_iPad = "UIInterfaceOrientationPortrait UIInterfaceOrientationPortraitUpsideDown UIInterfaceOrientationLandscapeLeft UIInterfaceOrientationLandscapeRight";
				INFOPLIST_KEY_UISupportedInterfaceOrientations_iPhone = "UIInterfaceOrientationPortrait UIInterfaceOrientationLandscapeLeft UIInterfaceOrientationLandscapeRight";
				LD_RUNPATH_SEARCH_PATHS = (
					"$(inherited)",
					"@executable_path/Frameworks",
				);
				MARKETING_VERSION = 1.0;
				PRODUCT_BUNDLE_IDENTIFIER = flanagow.WordleCheat;
				PRODUCT_NAME = "$(TARGET_NAME)";
				SWIFT_EMIT_LOC_STRINGS = YES;
				SWIFT_VERSION = 5.0;
				TARGETED_DEVICE_FAMILY = "1,2";
			};
			name = Debug;
		};
		32DB42DC2817230600D616C4 /* Release */ = {
			isa = XCBuildConfiguration;
			buildSettings = {
				ASSETCATALOG_COMPILER_APPICON_NAME = AppIcon;
				ASSETCATALOG_COMPILER_GLOBAL_ACCENT_COLOR_NAME = AccentColor;
				CODE_SIGN_STYLE = Automatic;
				CURRENT_PROJECT_VERSION = 1;
				GENERATE_INFOPLIST_FILE = YES;
				INFOPLIST_FILE = WordleCheat/Info.plist;
				INFOPLIST_KEY_UIApplicationSupportsIndirectInputEvents = YES;
				INFOPLIST_KEY_UILaunchStoryboardName = LaunchScreen;
				INFOPLIST_KEY_UIMainStoryboardFile = Main;
				INFOPLIST_KEY_UISupportedInterfaceOrientations_iPad = "UIInterfaceOrientationPortrait UIInterfaceOrientationPortraitUpsideDown UIInterfaceOrientationLandscapeLeft UIInterfaceOrientationLandscapeRight";
				INFOPLIST_KEY_UISupportedInterfaceOrientations_iPhone = "UIInterfaceOrientationPortrait UIInterfaceOrientationLandscapeLeft UIInterfaceOrientationLandscapeRight";
				LD_RUNPATH_SEARCH_PATHS = (
					"$(inherited)",
					"@executable_path/Frameworks",
				);
				MARKETING_VERSION = 1.0;
				PRODUCT_BUNDLE_IDENTIFIER = flanagow.WordleCheat;
				PRODUCT_NAME = "$(TARGET_NAME)";
				SWIFT_EMIT_LOC_STRINGS = YES;
				SWIFT_VERSION = 5.0;
				TARGETED_DEVICE_FAMILY = "1,2";
			};
			name = Release;
		};
/* End XCBuildConfiguration section */

/* Begin XCConfigurationList section */
		32DB42C12817230400D616C4 /* Build configuration list for PBXProject "WordleCheat" */ = {
			isa = XCConfigurationList;
			buildConfigurations = (
				32DB42D82817230600D616C4 /* Debug */,
				32DB42D92817230600D616C4 /* Release */,
			);
			defaultConfigurationIsVisible = 0;
			defaultConfigurationName = Release;
		};
		32DB42DA2817230600D616C4 /* Build configuration list for PBXNativeTarget "WordleCheat" */ = {
			isa = XCConfigurationList;
			buildConfigurations = (
				32DB42DB2817230600D616C4 /* Debug */,
				32DB42DC2817230600D616C4 /* Release */,
			);
			defaultConfigurationIsVisible = 0;
			defaultConfigurationName = Release;
		};
/* End XCConfigurationList section */
	};
	rootObject = 32DB42BE2817230400D616C4 /* Project object */;
}
